Microsoft Visual Studio Solution File, Format Version 12.00
# Visual Studio 14
Project("{8BC9CEB8-8B4A-11D0-8D11-00A0C91BC942}") = "ALL_BUILD", "ALL_BUILD.vcxproj", "{B7A56959-F4D4-3945-8116-B49788BC09D0}"
	ProjectSection(ProjectDependencies) = postProject
		{C0BAF266-CCEF-3EE8-8331-66C45A7EE8AE} = {C0BAF266-CCEF-3EE8-8331-66C45A7EE8AE}
		{0917D459-A39C-3F21-8AD5-F25E9A7C5BAE} = {0917D459-A39C-3F21-8AD5-F25E9A7C5BAE}
	EndProjectSection
EndProject
Project("{8BC9CEB8-8B4A-11D0-8D11-00A0C91BC942}") = "HCI557_ObjLoader", "HCI557_ObjLoader.vcxproj", "{C0BAF266-CCEF-3EE8-8331-66C45A7EE8AE}"
	ProjectSection(ProjectDependencies) = postProject
		{0917D459-A39C-3F21-8AD5-F25E9A7C5BAE} = {0917D459-A39C-3F21-8AD5-F25E9A7C5BAE}
	EndProjectSection
EndProject
Project("{8BC9CEB8-8B4A-11D0-8D11-00A0C91BC942}") = "ZERO_CHECK", "ZERO_CHECK.vcxproj", "{0917D459-A39C-3F21-8AD5-F25E9A7C5BAE}"
	ProjectSection(ProjectDependencies) = postProject
	EndProjectSection
EndProject
Global
	GlobalSection(SolutionConfigurationPlatforms) = preSolution
		Debug|Win32 = Debug|Win32
		Release|Win32 = Release|Win32
		MinSizeRel|Win32 = MinSizeRel|Win32
		RelWithDebInfo|Win32 = RelWithDebInfo|Win32
	EndGlobalSection
	GlobalSection(ProjectConfigurationPlatforms) = postSolution
		{B7A56959-F4D4-3945-8116-B49788BC09D0}.Debug|Win32.ActiveCfg = Debug|Win32
		{B7A56959-F4D4-3945-8116-B49788BC09D0}.Release|Win32.ActiveCfg = Release|Win32
		{B7A56959-F4D4-3945-8116-B49788BC09D0}.MinSizeRel|Win32.ActiveCfg = MinSizeRel|Win32
		{B7A56959-F4D4-3945-8116-B49788BC09D0}.RelWithDebInfo|Win32.ActiveCfg = RelWithDebInfo|Win32
		{C0BAF266-CCEF-3EE8-8331-66C45A7EE8AE}.Debug|Win32.ActiveCfg = Debug|Win32
		{C0BAF266-CCEF-3EE8-8331-66C45A7EE8AE}.Debug|Win32.Build.0 = Debug|Win32
		{C0BAF266-CCEF-3EE8-8331-66C45A7EE8AE}.Release|Win32.ActiveCfg = Release|Win32
		{C0BAF266-CCEF-3EE8-8331-66C45A7EE8AE}.Release|Win32.Build.0 = Release|Win32
		{C0BAF266-CCEF-3EE8-8331-66C45A7EE8AE}.MinSizeRel|Win32.ActiveCfg = MinSizeRel|Win32
		{C0BAF266-CCEF-3EE8-8331-66C45A7EE8AE}.MinSizeRel|Win32.Build.0 = MinSizeRel|Win32
		{C0BAF266-CCEF-3EE8-8331-66C45A7EE8AE}.RelWithDebInfo|Win32.ActiveCfg = RelWithDebInfo|Win32
		{C0BAF266-CCEF-3EE8-8331-66C45A7EE8AE}.RelWithDebInfo|Win32.Build.0 = RelWithDebInfo|Win32
		{0917D459-A39C-3F21-8AD5-F25E9A7C5BAE}.Debug|Win32.ActiveCfg = Debug|Win32
		{0917D459-A39C-3F21-8AD5-F25E9A7C5BAE}.Debug|Win32.Build.0 = Debug|Win32
		{0917D459-A39C-3F21-8AD5-F25E9A7C5BAE}.Release|Win32.ActiveCfg = Release|Win32
		{0917D459-A39C-3F21-8AD5-F25E9A7C5BAE}.Release|Win32.Build.0 = Release|Win32
		{0917D459-A39C-3F21-8AD5-F25E9A7C5BAE}.MinSizeRel|Win32.ActiveCfg = MinSizeRel|Win32
		{0917D459-A39C-3F21-8AD5-F25E9A7C5BAE}.MinSizeRel|Win32.Build.0 = MinSizeRel|Win32
		{0917D459-A39C-3F21-8AD5-F25E9A7C5BAE}.RelWithDebInfo|Win32.ActiveCfg = RelWithDebInfo|Win32
		{0917D459-A39C-3F21-8AD5-F25E9A7C5BAE}.RelWithDebInfo|Win32.Build.0 = RelWithDebInfo|Win32
	EndGlobalSection
	GlobalSection(ExtensibilityGlobals) = postSolution
	EndGlobalSection
	GlobalSection(ExtensibilityAddIns) = postSolution
	EndGlobalSection
EndGlobal
