<?xml version="1.0" encoding="UTF-8"?>
<Project ToolsVersion="14.0" xmlns="http://schemas.microsoft.com/developer/msbuild/2003">
  <ItemGroup>
    <CustomBuild Include="C:\Users\Jordan\Documents\HCI-557-CG-master\04_Texture_Mapping\CMakeFiles\de65792aca2a4722ee39df3f52faa06f\generate.stamp.rule">
      <Filter>CMake Rules</Filter>
    </CustomBuild>
  </ItemGroup>
  <ItemGroup>
    <Filter Include="CMake Rules">
      <UniqueIdentifier>{8E6E461C-D31B-386A-9748-6F276943B5D0}</UniqueIdentifier>
    </Filter>
  </ItemGroup>
</Project>
