<?xml version="1.0" encoding="UTF-8"?>
<Project ToolsVersion="14.0" xmlns="http://schemas.microsoft.com/developer/msbuild/2003">
  <ItemGroup>
    <CustomBuild Include="C:\Users\jordan\Documents\HCI_557_2015_JKW\Final Project\SDK\CMakeFiles\827375e769c3703d7a2d3f7ebf6311e9\INSTALL_force.rule">
      <Filter>CMake Rules</Filter>
    </CustomBuild>
  </ItemGroup>
  <ItemGroup>
    <Filter Include="CMake Rules">
      <UniqueIdentifier>{CE09FB25-7809-3175-901E-D3E2826CF443}</UniqueIdentifier>
    </Filter>
  </ItemGroup>
</Project>
